
Microsoft Visual Studio Solution File, Format Version 12.00
# Visual Studio 15
VisualStudioVersion = 15.0.27703.2018
MinimumVisualStudioVersion = 10.0.40219.1
Project("{FAE04EC0-301F-11D3-BF4B-00C04F79EFBC}") = "AssetManagementWeb", "AssetManagementWeb\AssetManagementWeb.csproj", "{2F5D8C35-58CE-449A-BFC3-07DA69119C99}"
EndProject
Project("{262852C6-CD72-467D-83FE-5EEB1973A190}") = "AssetManagementMobile", "AssetManagementMobile\AssetManagementMobile.jsproj", "{FD1BDB10-BD95-43A6-B682-40AA2F919D3B}"
EndProject
Global
	GlobalSection(SolutionConfigurationPlatforms) = preSolution
		Debug|Android = Debug|Android
		Debug|Any CPU = Debug|Any CPU
		Debug|iOS = Debug|iOS
		Debug|Windows-ARM = Debug|Windows-ARM
		Debug|Windows-x64 = Debug|Windows-x64
		Debug|Windows-x86 = Debug|Windows-x86
		Release|Android = Release|Android
		Release|Any CPU = Release|Any CPU
		Release|iOS = Release|iOS
		Release|Windows-ARM = Release|Windows-ARM
		Release|Windows-x64 = Release|Windows-x64
		Release|Windows-x86 = Release|Windows-x86
	EndGlobalSection
	GlobalSection(ProjectConfigurationPlatforms) = postSolution
		{2F5D8C35-58CE-449A-BFC3-07DA69119C99}.Debug|Android.ActiveCfg = Debug|Any CPU
		{2F5D8C35-58CE-449A-BFC3-07DA69119C99}.Debug|Android.Build.0 = Debug|Any CPU
		{2F5D8C35-58CE-449A-BFC3-07DA69119C99}.Debug|Any CPU.ActiveCfg = Debug|Any CPU
		{2F5D8C35-58CE-449A-BFC3-07DA69119C99}.Debug|Any CPU.Build.0 = Debug|Any CPU
		{2F5D8C35-58CE-449A-BFC3-07DA69119C99}.Debug|iOS.ActiveCfg = Debug|Any CPU
		{2F5D8C35-58CE-449A-BFC3-07DA69119C99}.Debug|iOS.Build.0 = Debug|Any CPU
		{2F5D8C35-58CE-449A-BFC3-07DA69119C99}.Debug|Windows-ARM.ActiveCfg = Debug|Any CPU
		{2F5D8C35-58CE-449A-BFC3-07DA69119C99}.Debug|Windows-ARM.Build.0 = Debug|Any CPU
		{2F5D8C35-58CE-449A-BFC3-07DA69119C99}.Debug|Windows-x64.ActiveCfg = Debug|Any CPU
		{2F5D8C35-58CE-449A-BFC3-07DA69119C99}.Debug|Windows-x64.Build.0 = Debug|Any CPU
		{2F5D8C35-58CE-449A-BFC3-07DA69119C99}.Debug|Windows-x86.ActiveCfg = Debug|Any CPU
		{2F5D8C35-58CE-449A-BFC3-07DA69119C99}.Debug|Windows-x86.Build.0 = Debug|Any CPU
		{2F5D8C35-58CE-449A-BFC3-07DA69119C99}.Release|Android.ActiveCfg = Release|Any CPU
		{2F5D8C35-58CE-449A-BFC3-07DA69119C99}.Release|Android.Build.0 = Release|Any CPU
		{2F5D8C35-58CE-449A-BFC3-07DA69119C99}.Release|Any CPU.ActiveCfg = Release|Any CPU
		{2F5D8C35-58CE-449A-BFC3-07DA69119C99}.Release|Any CPU.Build.0 = Release|Any CPU
		{2F5D8C35-58CE-449A-BFC3-07DA69119C99}.Release|iOS.ActiveCfg = Release|Any CPU
		{2F5D8C35-58CE-449A-BFC3-07DA69119C99}.Release|iOS.Build.0 = Release|Any CPU
		{2F5D8C35-58CE-449A-BFC3-07DA69119C99}.Release|Windows-ARM.ActiveCfg = Release|Any CPU
		{2F5D8C35-58CE-449A-BFC3-07DA69119C99}.Release|Windows-ARM.Build.0 = Release|Any CPU
		{2F5D8C35-58CE-449A-BFC3-07DA69119C99}.Release|Windows-x64.ActiveCfg = Release|Any CPU
		{2F5D8C35-58CE-449A-BFC3-07DA69119C99}.Release|Windows-x64.Build.0 = Release|Any CPU
		{2F5D8C35-58CE-449A-BFC3-07DA69119C99}.Release|Windows-x86.ActiveCfg = Release|Any CPU
		{2F5D8C35-58CE-449A-BFC3-07DA69119C99}.Release|Windows-x86.Build.0 = Release|Any CPU
		{FD1BDB10-BD95-43A6-B682-40AA2F919D3B}.Debug|Android.ActiveCfg = Debug|Android
		{FD1BDB10-BD95-43A6-B682-40AA2F919D3B}.Debug|Android.Build.0 = Debug|Android
		{FD1BDB10-BD95-43A6-B682-40AA2F919D3B}.Debug|Android.Deploy.0 = Debug|Android
		{FD1BDB10-BD95-43A6-B682-40AA2F919D3B}.Debug|Any CPU.ActiveCfg = Debug|Android
		{FD1BDB10-BD95-43A6-B682-40AA2F919D3B}.Debug|iOS.ActiveCfg = Debug|iOS
		{FD1BDB10-BD95-43A6-B682-40AA2F919D3B}.Debug|iOS.Build.0 = Debug|iOS
		{FD1BDB10-BD95-43A6-B682-40AA2F919D3B}.Debug|iOS.Deploy.0 = Debug|iOS
		{FD1BDB10-BD95-43A6-B682-40AA2F919D3B}.Debug|Windows-ARM.ActiveCfg = Debug|Windows-ARM
		{FD1BDB10-BD95-43A6-B682-40AA2F919D3B}.Debug|Windows-ARM.Build.0 = Debug|Windows-ARM
		{FD1BDB10-BD95-43A6-B682-40AA2F919D3B}.Debug|Windows-ARM.Deploy.0 = Debug|Windows-ARM
		{FD1BDB10-BD95-43A6-B682-40AA2F919D3B}.Debug|Windows-x64.ActiveCfg = Debug|Windows-x64
		{FD1BDB10-BD95-43A6-B682-40AA2F919D3B}.Debug|Windows-x64.Build.0 = Debug|Windows-x64
		{FD1BDB10-BD95-43A6-B682-40AA2F919D3B}.Debug|Windows-x64.Deploy.0 = Debug|Windows-x64
		{FD1BDB10-BD95-43A6-B682-40AA2F919D3B}.Debug|Windows-x86.ActiveCfg = Debug|Windows-x86
		{FD1BDB10-BD95-43A6-B682-40AA2F919D3B}.Debug|Windows-x86.Build.0 = Debug|Windows-x86
		{FD1BDB10-BD95-43A6-B682-40AA2F919D3B}.Debug|Windows-x86.Deploy.0 = Debug|Windows-x86
		{FD1BDB10-BD95-43A6-B682-40AA2F919D3B}.Release|Android.ActiveCfg = Release|Android
		{FD1BDB10-BD95-43A6-B682-40AA2F919D3B}.Release|Android.Build.0 = Release|Android
		{FD1BDB10-BD95-43A6-B682-40AA2F919D3B}.Release|Android.Deploy.0 = Release|Android
		{FD1BDB10-BD95-43A6-B682-40AA2F919D3B}.Release|Any CPU.ActiveCfg = Release|Android
		{FD1BDB10-BD95-43A6-B682-40AA2F919D3B}.Release|iOS.ActiveCfg = Release|iOS
		{FD1BDB10-BD95-43A6-B682-40AA2F919D3B}.Release|iOS.Build.0 = Release|iOS
		{FD1BDB10-BD95-43A6-B682-40AA2F919D3B}.Release|iOS.Deploy.0 = Release|iOS
		{FD1BDB10-BD95-43A6-B682-40AA2F919D3B}.Release|Windows-ARM.ActiveCfg = Release|Windows-ARM
		{FD1BDB10-BD95-43A6-B682-40AA2F919D3B}.Release|Windows-ARM.Build.0 = Release|Windows-ARM
		{FD1BDB10-BD95-43A6-B682-40AA2F919D3B}.Release|Windows-ARM.Deploy.0 = Release|Windows-ARM
		{FD1BDB10-BD95-43A6-B682-40AA2F919D3B}.Release|Windows-x64.ActiveCfg = Release|Windows-x64
		{FD1BDB10-BD95-43A6-B682-40AA2F919D3B}.Release|Windows-x64.Build.0 = Release|Windows-x64
		{FD1BDB10-BD95-43A6-B682-40AA2F919D3B}.Release|Windows-x64.Deploy.0 = Release|Windows-x64
		{FD1BDB10-BD95-43A6-B682-40AA2F919D3B}.Release|Windows-x86.ActiveCfg = Release|Windows-x86
		{FD1BDB10-BD95-43A6-B682-40AA2F919D3B}.Release|Windows-x86.Build.0 = Release|Windows-x86
		{FD1BDB10-BD95-43A6-B682-40AA2F919D3B}.Release|Windows-x86.Deploy.0 = Release|Windows-x86
	EndGlobalSection
	GlobalSection(SolutionProperties) = preSolution
		HideSolutionNode = FALSE
	EndGlobalSection
	GlobalSection(ExtensibilityGlobals) = postSolution
		SolutionGuid = {9B0A5D00-7ED9-4728-92F7-E48304F516A8}
	EndGlobalSection
EndGlobal
