
Microsoft Visual Studio Solution File, Format Version 12.00
# Visual Studio 15
VisualStudioVersion = 15.0.27703.2026
MinimumVisualStudioVersion = 10.0.40219.1
Project("{262852C6-CD72-467D-83FE-5EEB1973A190}") = "AssetManagementMobile", "AssetManagementMobile\AssetManagementMobile.jsproj", "{539A712E-DCBD-4051-B225-4B03AC55938D}"
EndProject
Global
	GlobalSection(SolutionConfigurationPlatforms) = preSolution
		Debug|Android = Debug|Android
		Debug|iOS = Debug|iOS
		Debug|Windows-ARM = Debug|Windows-ARM
		Debug|Windows-x64 = Debug|Windows-x64
		Debug|Windows-x86 = Debug|Windows-x86
		Release|Android = Release|Android
		Release|iOS = Release|iOS
		Release|Windows-ARM = Release|Windows-ARM
		Release|Windows-x64 = Release|Windows-x64
		Release|Windows-x86 = Release|Windows-x86
	EndGlobalSection
	GlobalSection(ProjectConfigurationPlatforms) = postSolution
		{539A712E-DCBD-4051-B225-4B03AC55938D}.Debug|Android.ActiveCfg = Debug|Android
		{539A712E-DCBD-4051-B225-4B03AC55938D}.Debug|Android.Build.0 = Debug|Android
		{539A712E-DCBD-4051-B225-4B03AC55938D}.Debug|Android.Deploy.0 = Debug|Android
		{539A712E-DCBD-4051-B225-4B03AC55938D}.Debug|iOS.ActiveCfg = Debug|iOS
		{539A712E-DCBD-4051-B225-4B03AC55938D}.Debug|iOS.Build.0 = Debug|iOS
		{539A712E-DCBD-4051-B225-4B03AC55938D}.Debug|iOS.Deploy.0 = Debug|iOS
		{539A712E-DCBD-4051-B225-4B03AC55938D}.Debug|Windows-ARM.ActiveCfg = Debug|Windows-ARM
		{539A712E-DCBD-4051-B225-4B03AC55938D}.Debug|Windows-ARM.Build.0 = Debug|Windows-ARM
		{539A712E-DCBD-4051-B225-4B03AC55938D}.Debug|Windows-ARM.Deploy.0 = Debug|Windows-ARM
		{539A712E-DCBD-4051-B225-4B03AC55938D}.Debug|Windows-x64.ActiveCfg = Debug|Windows-x64
		{539A712E-DCBD-4051-B225-4B03AC55938D}.Debug|Windows-x64.Build.0 = Debug|Windows-x64
		{539A712E-DCBD-4051-B225-4B03AC55938D}.Debug|Windows-x64.Deploy.0 = Debug|Windows-x64
		{539A712E-DCBD-4051-B225-4B03AC55938D}.Debug|Windows-x86.ActiveCfg = Debug|Windows-x86
		{539A712E-DCBD-4051-B225-4B03AC55938D}.Debug|Windows-x86.Build.0 = Debug|Windows-x86
		{539A712E-DCBD-4051-B225-4B03AC55938D}.Debug|Windows-x86.Deploy.0 = Debug|Windows-x86
		{539A712E-DCBD-4051-B225-4B03AC55938D}.Release|Android.ActiveCfg = Release|Android
		{539A712E-DCBD-4051-B225-4B03AC55938D}.Release|Android.Build.0 = Release|Android
		{539A712E-DCBD-4051-B225-4B03AC55938D}.Release|Android.Deploy.0 = Release|Android
		{539A712E-DCBD-4051-B225-4B03AC55938D}.Release|iOS.ActiveCfg = Release|iOS
		{539A712E-DCBD-4051-B225-4B03AC55938D}.Release|iOS.Build.0 = Release|iOS
		{539A712E-DCBD-4051-B225-4B03AC55938D}.Release|iOS.Deploy.0 = Release|iOS
		{539A712E-DCBD-4051-B225-4B03AC55938D}.Release|Windows-ARM.ActiveCfg = Release|Windows-ARM
		{539A712E-DCBD-4051-B225-4B03AC55938D}.Release|Windows-ARM.Build.0 = Release|Windows-ARM
		{539A712E-DCBD-4051-B225-4B03AC55938D}.Release|Windows-ARM.Deploy.0 = Release|Windows-ARM
		{539A712E-DCBD-4051-B225-4B03AC55938D}.Release|Windows-x64.ActiveCfg = Release|Windows-x64
		{539A712E-DCBD-4051-B225-4B03AC55938D}.Release|Windows-x64.Build.0 = Release|Windows-x64
		{539A712E-DCBD-4051-B225-4B03AC55938D}.Release|Windows-x64.Deploy.0 = Release|Windows-x64
		{539A712E-DCBD-4051-B225-4B03AC55938D}.Release|Windows-x86.ActiveCfg = Release|Windows-x86
		{539A712E-DCBD-4051-B225-4B03AC55938D}.Release|Windows-x86.Build.0 = Release|Windows-x86
		{539A712E-DCBD-4051-B225-4B03AC55938D}.Release|Windows-x86.Deploy.0 = Release|Windows-x86
	EndGlobalSection
	GlobalSection(SolutionProperties) = preSolution
		HideSolutionNode = FALSE
	EndGlobalSection
	GlobalSection(ExtensibilityGlobals) = postSolution
		SolutionGuid = {C2E3F356-AFC6-4279-849F-5FDF101935D0}
	EndGlobalSection
EndGlobal
